# THIS IS AN AUTOGENERATED FILE. DO NOT EDIT THIS FILE DIRECTLY.
# yarn lockfile v1


"@microsoft/fast-element@^1.6.2":
  version "1.6.2"
  resolved "https://registry.yarnpkg.com/@microsoft/fast-element/-/fast-element-1.6.2.tgz#414abc9f49fde85e12002e01025c5cc3dddc16ac"
  integrity sha512-TrFOpe9k9xIK2iLfIG5T2+bavUAWBvAC/KQ/3ecFsK65l9PAZ/j3zlkyLxNrpIksFtUBkfVdV03kwFurZjqzKQ==
